
Microsoft Visual Studio Solution File, Format Version 12.00
# Visual Studio Version 17
VisualStudioVersion = 17.11.35312.102
MinimumVisualStudioVersion = 10.0.40219.1
Project("{FAE04EC0-301F-11D3-BF4B-00C04F79EFBC}") = "DATN_API", "DATN_API\DATN_API.csproj", "{084C75CF-C62C-4597-AF49-728D5AF7CB5A}"
EndProject
Project("{FAE04EC0-301F-11D3-BF4B-00C04F79EFBC}") = "DATN_Core", "DATN_Core\DATN_Core.csproj", "{02DE892C-D3C8-460B-A81E-909C0110AE8D}"
EndProject
Project("{FAE04EC0-301F-11D3-BF4B-00C04F79EFBC}") = "DATN_Infrastructure", "DATN_Infrastructure\DATN_Infrastructure.csproj", "{4D88F9F3-7011-4C24-85D8-14D4C8F7C4A7}"
EndProject
Global
	GlobalSection(SolutionConfigurationPlatforms) = preSolution
		Debug|Any CPU = Debug|Any CPU
		Release|Any CPU = Release|Any CPU
	EndGlobalSection
	GlobalSection(ProjectConfigurationPlatforms) = postSolution
		{084C75CF-C62C-4597-AF49-728D5AF7CB5A}.Debug|Any CPU.ActiveCfg = Debug|Any CPU
		{084C75CF-C62C-4597-AF49-728D5AF7CB5A}.Debug|Any CPU.Build.0 = Debug|Any CPU
		{084C75CF-C62C-4597-AF49-728D5AF7CB5A}.Release|Any CPU.ActiveCfg = Release|Any CPU
		{084C75CF-C62C-4597-AF49-728D5AF7CB5A}.Release|Any CPU.Build.0 = Release|Any CPU
		{02DE892C-D3C8-460B-A81E-909C0110AE8D}.Debug|Any CPU.ActiveCfg = Debug|Any CPU
		{02DE892C-D3C8-460B-A81E-909C0110AE8D}.Debug|Any CPU.Build.0 = Debug|Any CPU
		{02DE892C-D3C8-460B-A81E-909C0110AE8D}.Release|Any CPU.ActiveCfg = Release|Any CPU
		{02DE892C-D3C8-460B-A81E-909C0110AE8D}.Release|Any CPU.Build.0 = Release|Any CPU
		{4D88F9F3-7011-4C24-85D8-14D4C8F7C4A7}.Debug|Any CPU.ActiveCfg = Debug|Any CPU
		{4D88F9F3-7011-4C24-85D8-14D4C8F7C4A7}.Debug|Any CPU.Build.0 = Debug|Any CPU
		{4D88F9F3-7011-4C24-85D8-14D4C8F7C4A7}.Release|Any CPU.ActiveCfg = Release|Any CPU
		{4D88F9F3-7011-4C24-85D8-14D4C8F7C4A7}.Release|Any CPU.Build.0 = Release|Any CPU
	EndGlobalSection
	GlobalSection(SolutionProperties) = preSolution
		HideSolutionNode = FALSE
	EndGlobalSection
	GlobalSection(ExtensibilityGlobals) = postSolution
		SolutionGuid = {904A3222-63C3-471C-8B8D-348B54A39201}
	EndGlobalSection
EndGlobal
